
Microsoft Visual Studio Solution File, Format Version 12.00
# Visual Studio Version 16
VisualStudioVersion = 16.0.29025.244
MinimumVisualStudioVersion = 10.0.40219.1
Project("{9A19103F-16F7-4668-BE54-9A1E7A4F7556}") = "ReceiveEventHubToSignalRService", "ReceiveEventHubToSignalRService.csproj", "{2D293D6D-0AA5-46F8-8696-3B8221A6EC4F}"
EndProject
Global
	GlobalSection(SolutionConfigurationPlatforms) = preSolution
		Debug|Any CPU = Debug|Any CPU
		Release|Any CPU = Release|Any CPU
	EndGlobalSection
	GlobalSection(ProjectConfigurationPlatforms) = postSolution
		{2D293D6D-0AA5-46F8-8696-3B8221A6EC4F}.Debug|Any CPU.ActiveCfg = Debug|Any CPU
		{2D293D6D-0AA5-46F8-8696-3B8221A6EC4F}.Debug|Any CPU.Build.0 = Debug|Any CPU
		{2D293D6D-0AA5-46F8-8696-3B8221A6EC4F}.Release|Any CPU.ActiveCfg = Release|Any CPU
		{2D293D6D-0AA5-46F8-8696-3B8221A6EC4F}.Release|Any CPU.Build.0 = Release|Any CPU
	EndGlobalSection
	GlobalSection(SolutionProperties) = preSolution
		HideSolutionNode = FALSE
	EndGlobalSection
	GlobalSection(ExtensibilityGlobals) = postSolution
		SolutionGuid = {F83BA0C7-873E-415B-8E43-F13AF8E9F05B}
	EndGlobalSection
EndGlobal
