
Microsoft Visual Studio Solution File, Format Version 12.00
# Visual Studio Version 16
VisualStudioVersion = 16.0.29025.244
MinimumVisualStudioVersion = 10.0.40219.1
Project("{9A19103F-16F7-4668-BE54-9A1E7A4F7556}") = "HubForSignalRService", "HubForSignalRService.csproj", "{E13D49F6-A169-4FCD-ABAC-3B1D7FA12B63}"
EndProject
Global
	GlobalSection(SolutionConfigurationPlatforms) = preSolution
		Debug|Any CPU = Debug|Any CPU
		Release|Any CPU = Release|Any CPU
	EndGlobalSection
	GlobalSection(ProjectConfigurationPlatforms) = postSolution
		{E13D49F6-A169-4FCD-ABAC-3B1D7FA12B63}.Debug|Any CPU.ActiveCfg = Debug|Any CPU
		{E13D49F6-A169-4FCD-ABAC-3B1D7FA12B63}.Debug|Any CPU.Build.0 = Debug|Any CPU
		{E13D49F6-A169-4FCD-ABAC-3B1D7FA12B63}.Release|Any CPU.ActiveCfg = Release|Any CPU
		{E13D49F6-A169-4FCD-ABAC-3B1D7FA12B63}.Release|Any CPU.Build.0 = Release|Any CPU
	EndGlobalSection
	GlobalSection(SolutionProperties) = preSolution
		HideSolutionNode = FALSE
	EndGlobalSection
	GlobalSection(ExtensibilityGlobals) = postSolution
		SolutionGuid = {DD0F5EB9-C533-43F0-B41D-8C6BCB25AEC9}
	EndGlobalSection
EndGlobal
